
Microsoft Visual Studio Solution File, Format Version 12.00
# Visual Studio Version 17
VisualStudioVersion = 17.8.34309.116
MinimumVisualStudioVersion = 10.0.40219.1
Project("{FAE04EC0-301F-11D3-BF4B-00C04F79EFBC}") = "HelmetCamera", "HelmetCamera\HelmetCamera.csproj", "{B99C4D46-5F13-47B3-A5AF-5E3F37772E77}"
EndProject
Global
	GlobalSection(SolutionConfigurationPlatforms) = preSolution
		Debug|Any CPU = Debug|Any CPU
		Release|Any CPU = Release|Any CPU
	EndGlobalSection
	GlobalSection(ProjectConfigurationPlatforms) = postSolution
		{B99C4D46-5F13-47B3-A5AF-5E3F37772E77}.Debug|Any CPU.ActiveCfg = Debug|Any CPU
		{B99C4D46-5F13-47B3-A5AF-5E3F37772E77}.Debug|Any CPU.Build.0 = Debug|Any CPU
		{B99C4D46-5F13-47B3-A5AF-5E3F37772E77}.Release|Any CPU.ActiveCfg = Release|Any CPU
		{B99C4D46-5F13-47B3-A5AF-5E3F37772E77}.Release|Any CPU.Build.0 = Release|Any CPU
	EndGlobalSection
	GlobalSection(SolutionProperties) = preSolution
		HideSolutionNode = FALSE
	EndGlobalSection
	GlobalSection(ExtensibilityGlobals) = postSolution
		SolutionGuid = {C63038D6-9888-4BB7-88B3-4D2C4D7F0829}
	EndGlobalSection
EndGlobal
